
Microsoft Visual Studio Solution File, Format Version 12.00
# Visual Studio Version 17
VisualStudioVersion = 17.5.33530.505
MinimumVisualStudioVersion = 10.0.40219.1
Project("{FAE04EC0-301F-11D3-BF4B-00C04F79EFBC}") = "PizzaDelivery", "PizzaDelivery\PizzaDelivery.csproj", "{98C7E52B-26BA-47CA-B787-1A6271EE50FC}"
EndProject
Global
	GlobalSection(SolutionConfigurationPlatforms) = preSolution
		Debug|Any CPU = Debug|Any CPU
		Release|Any CPU = Release|Any CPU
	EndGlobalSection
	GlobalSection(ProjectConfigurationPlatforms) = postSolution
		{98C7E52B-26BA-47CA-B787-1A6271EE50FC}.Debug|Any CPU.ActiveCfg = Debug|Any CPU
		{98C7E52B-26BA-47CA-B787-1A6271EE50FC}.Debug|Any CPU.Build.0 = Debug|Any CPU
		{98C7E52B-26BA-47CA-B787-1A6271EE50FC}.Release|Any CPU.ActiveCfg = Release|Any CPU
		{98C7E52B-26BA-47CA-B787-1A6271EE50FC}.Release|Any CPU.Build.0 = Release|Any CPU
	EndGlobalSection
	GlobalSection(SolutionProperties) = preSolution
		HideSolutionNode = FALSE
	EndGlobalSection
	GlobalSection(ExtensibilityGlobals) = postSolution
		SolutionGuid = {36DC5C12-16FC-4131-AD5E-AF67AE20C7F3}
	EndGlobalSection
EndGlobal
